{
  "name": "bluebird",
  "version": "1.0.1",
  "lockfileVersion": 2,
  "requires": true,
  "packages": {
    "": {
      "name": "bluebird",
      "version": "1.0.1",
      "license": "MIT",
      "dependencies": {
        "bbmc-binarystream": "git+https://github.com/BlueBirdMC/BinaryStream.git",
        "bbmc-raknet": "git+https://github.com/BlueBirdMC/RakNet.git",
        "locutus": "^2.0.11",
        "uuid-js": "^0.7.5"
      },
      "devDependencies": {
        "time-stamp": "^2.2.0"
      }
    },
    "node_modules/bbmc-binarystream": {
      "version": "1.0.0",
      "resolved": "git+ssh://git@github.com/BlueBirdMC/BinaryStream.git#b9f5c4dc1a4e69067e3b9ade6e2515a09c743eda",
      "license": "GPL-3.0"
    },
    "node_modules/bbmc-raknet": {
      "version": "1.0.0",
      "resolved": "git+ssh://git@github.com/BlueBirdMC/RakNet.git#cfdf5808b1a93b51f8bb609619decc59991a8911",
      "license": "GPL-3.0",
      "dependencies": {
        "bbmc-binarystream": "git+https://github.com/BlueBirdMC/BinaryStream.git",
        "js-inet": "^0.2.0"
      }
    },
    "node_modules/js-inet": {
      "version": "0.2.0",
      "resolved": "https://registry.npmjs.org/js-inet/-/js-inet-0.2.0.tgz",
      "integrity": "sha512-DrH4I2yHj1FpVefHMiHssTkR5q9R7TqOv7Q2qcjuxnaBjZ268yiVXSZSNU9rWCppWFqd9TiAuLgsRYyCK7MNMQ=="
    },
    "node_modules/locutus": {
      "version": "2.0.16",
      "resolved": "https://registry.npmjs.org/locutus/-/locutus-2.0.16.tgz",
      "integrity": "sha512-pGfl6Hb/1mXLzrX5kl5lH7gz25ey0vwQssZp8Qo2CEF59di6KrAgdFm+0pW8ghLnvNzzJGj5tlWhhv2QbK3jeQ==",
      "engines": {
        "node": ">= 10"
      }
    },
    "node_modules/time-stamp": {
      "version": "2.2.0",
      "resolved": "https://registry.npmjs.org/time-stamp/-/time-stamp-2.2.0.tgz",
      "integrity": "sha512-zxke8goJQpBeEgD82CXABeMh0LSJcj7CXEd0OHOg45HgcofF7pxNwZm9+RknpxpDhwN4gFpySkApKfFYfRQnUA==",
      "dev": true,
      "engines": {
        "node": ">=0.10.0"
      }
    },
    "node_modules/uuid-js": {
      "version": "0.7.5",
      "resolved": "https://registry.npmjs.org/uuid-js/-/uuid-js-0.7.5.tgz",
      "integrity": "sha1-bIhtAqU9LUDc8l2RoXC0p7JblNA=",
      "engines": {
        "node": ">= 0.4.0"
      }
    }
  },
  "dependencies": {
    "bbmc-binarystream": {
      "version": "git+ssh://git@github.com/BlueBirdMC/BinaryStream.git#b9f5c4dc1a4e69067e3b9ade6e2515a09c743eda",
      "from": "bbmc-binarystream@git+https://github.com/BlueBirdMC/BinaryStream.git"
    },
    "bbmc-raknet": {
      "version": "git+ssh://git@github.com/BlueBirdMC/RakNet.git#cfdf5808b1a93b51f8bb609619decc59991a8911",
      "from": "bbmc-raknet@git+https://github.com/BlueBirdMC/RakNet.git",
      "requires": {
        "bbmc-binarystream": "git+https://github.com/BlueBirdMC/BinaryStream.git",
        "js-inet": "^0.2.0"
      }
    },
    "js-inet": {
      "version": "0.2.0",
      "resolved": "https://registry.npmjs.org/js-inet/-/js-inet-0.2.0.tgz",
      "integrity": "sha512-DrH4I2yHj1FpVefHMiHssTkR5q9R7TqOv7Q2qcjuxnaBjZ268yiVXSZSNU9rWCppWFqd9TiAuLgsRYyCK7MNMQ=="
    },
    "locutus": {
      "version": "2.0.16",
      "resolved": "https://registry.npmjs.org/locutus/-/locutus-2.0.16.tgz",
      "integrity": "sha512-pGfl6Hb/1mXLzrX5kl5lH7gz25ey0vwQssZp8Qo2CEF59di6KrAgdFm+0pW8ghLnvNzzJGj5tlWhhv2QbK3jeQ=="
    },
    "time-stamp": {
      "version": "2.2.0",
      "resolved": "https://registry.npmjs.org/time-stamp/-/time-stamp-2.2.0.tgz",
      "integrity": "sha512-zxke8goJQpBeEgD82CXABeMh0LSJcj7CXEd0OHOg45HgcofF7pxNwZm9+RknpxpDhwN4gFpySkApKfFYfRQnUA==",
      "dev": true
    },
    "uuid-js": {
      "version": "0.7.5",
      "resolved": "https://registry.npmjs.org/uuid-js/-/uuid-js-0.7.5.tgz",
      "integrity": "sha1-bIhtAqU9LUDc8l2RoXC0p7JblNA="
    }
  }
}
