{
  "name": "bluebird",
  "version": "1.0.1",
  "lockfileVersion": 1,
  "requires": true,
  "dependencies": {
    "bluebirdmc-binarystream": {
      "version": "git+ssh://git@github.com/BlueBirdMC/NodeBinaryStream.git#9bddb71ee7f0ea712c45568e6b5007fa5ab8d9bf",
      "from": "bluebirdmc-binarystream@git+https://github.com/BlueBirdMC/NodeBinaryStream.git"
    },
    "bluebirdmc-raknet": {
      "version": "git+ssh://git@github.com/BlueBirdMC/PRakNet.git#392069051afba5f048dbc96e8d860640a7573c19",
      "from": "bluebirdmc-raknet@git+https://github.com/BlueBirdMC/PRakNet.git",
      "requires": {
        "bluebirdmc-binarystream": "bluebirdmc-binarystream@git+https://github.com/BlueBirdMC/NodeBinaryStream.git"
      }
    },
    "locutus": {
      "version": "2.0.16",
      "resolved": "https://registry.npmjs.org/locutus/-/locutus-2.0.16.tgz",
      "integrity": "sha512-pGfl6Hb/1mXLzrX5kl5lH7gz25ey0vwQssZp8Qo2CEF59di6KrAgdFm+0pW8ghLnvNzzJGj5tlWhhv2QbK3jeQ=="
    },
    "time-stamp": {
      "version": "2.2.0",
      "resolved": "https://registry.npmjs.org/time-stamp/-/time-stamp-2.2.0.tgz",
      "integrity": "sha512-zxke8goJQpBeEgD82CXABeMh0LSJcj7CXEd0OHOg45HgcofF7pxNwZm9+RknpxpDhwN4gFpySkApKfFYfRQnUA==",
      "dev": true
    },
    "uuid-js": {
      "version": "0.7.5",
      "resolved": "https://registry.npmjs.org/uuid-js/-/uuid-js-0.7.5.tgz",
      "integrity": "sha1-bIhtAqU9LUDc8l2RoXC0p7JblNA="
    }
  }
}
